{
  "name": "utcs",
  "version": "3.0.8",
  "lockfileVersion": 2,
  "requires": true,
  "packages": {
    "": {
      "name": "utcs",
      "version": "3.0.8",
      "license": "ISC",
      "dependencies": {
        "utcs": "^3.0.8"
      },
      "bin": {
        "local": "bin/local.js",
        "utcs": "bin/index.js"
      }
    },
    "node_modules/utcs": {
      "version": "3.0.8",
      "resolved": "https://registry.npmjs.org/utcs/-/utcs-3.0.8.tgz",
      "integrity": "sha512-EpMHHA7MGz6U+zgmkdSjQmIrJjQrZZjJ0mHoi54+Dkp61nYg9NyZx61d94KEu2lkXXkID+XRrpDy5k1gSLj4Wg==",
      "bin": {
        "localtime": "bin/local.js",
        "utcs": "bin/index.js"
      }
    }
  },
  "dependencies": {
    "utcs": {
      "version": "3.0.8",
      "resolved": "https://registry.npmjs.org/utcs/-/utcs-3.0.8.tgz",
      "integrity": "sha512-EpMHHA7MGz6U+zgmkdSjQmIrJjQrZZjJ0mHoi54+Dkp61nYg9NyZx61d94KEu2lkXXkID+XRrpDy5k1gSLj4Wg=="
    }
  }
}
