{
  "name": "utcs",
  "version": "3.0.9",
  "lockfileVersion": 2,
  "requires": true,
  "packages": {
    "": {
      "name": "utcs",
      "version": "3.0.9",
      "license": "ISC",
      "dependencies": {
        "utcs": "^3.0.9"
      },
      "bin": {
        "local": "bin/utcs.js",
        "utcs": "bin/utcs.js"
      }
    },
    "node_modules/utcs": {
      "version": "3.0.9",
      "resolved": "https://registry.npmjs.org/utcs/-/utcs-3.0.9.tgz",
      "integrity": "sha512-psJQPwDDJZ2x+VpqBKCvos90j65E/gdUEscZ/+4Bs5bfZtlAMy02DslOmhG3qK2uXkf0lRnOFgh/o1L1hRpkdA==",
      "dependencies": {
        "utcs": "^3.0.8"
      },
      "bin": {
        "local": "bin/local.js",
        "utcs": "bin/utcs.js"
      }
    }
  },
  "dependencies": {
    "utcs": {
      "version": "3.0.9",
      "resolved": "https://registry.npmjs.org/utcs/-/utcs-3.0.9.tgz",
      "integrity": "sha512-psJQPwDDJZ2x+VpqBKCvos90j65E/gdUEscZ/+4Bs5bfZtlAMy02DslOmhG3qK2uXkf0lRnOFgh/o1L1hRpkdA==",
      "requires": {
        "utcs": "^3.0.8"
      }
    }
  }
}
